{
  "version": 4,
  "terraform_version": "1.4.2",
  "serial": 69,
  "lineage": "983c1beb-6321-d123-d0ed-14f7bcf9fa3c",
  "outputs": {
    "resource_group_location": {
      "value": "centralus",
      "type": "string"
    },
    "resource_group_name": {
      "value": "voyager_unit-test-storageacount_infra-test_rg_centralus",
      "type": "string"
    }
  },
  "resources": [
    {
      "module": "module.actiongroup",
      "mode": "managed",
      "type": "azurerm_monitor_action_group",
      "name": "this",
      "provider": "module.actiongroup.provider[\"registry.terraform.io/hashicorp/azurerm\"]",
      "instances": [
        {
          "index_key": "STG Sev 1 Notifcation Group",
          "schema_version": 1,
          "attributes": {
            "arm_role_receiver": [],
            "automation_runbook_receiver": [],
            "azure_app_push_receiver": [],
            "azure_function_receiver": [],
            "email_receiver": [
              {
                "email_address": "asd@asd.com",
                "name": "Sev1Email",
                "use_common_alert_schema": true
              },
              {
                "email_address": "asd2@asd.com",
                "name": "Sev2Email",
                "use_common_alert_schema": true
              }
            ],
            "enabled": true,
            "event_hub_receiver": [],
            "id": "/subscriptions/fe6c1298-1263-477b-b9b5-3f2295ef0c6c/resourceGroups/voyager_unit-test-storageacount_infra-test_rg_centralus/providers/Microsoft.Insights/actionGroups/STG Sev 1 Notifcation Group",
            "itsm_receiver": [],
            "logic_app_receiver": [],
            "name": "STG Sev 1 Notifcation Group",
            "resource_group_name": "voyager_unit-test-storageacount_infra-test_rg_centralus",
            "short_name": "Sev1",
            "sms_receiver": [],
            "tags": {
              "application": "voyager",
              "creator": "gl-devops",
              "environment": "infra-test-action",
              "owner": "systemsengineering@vca.com",
              "role": "unit-test",
              "vendor": "Globallogic"
            },
            "timeouts": null,
            "voice_receiver": [],
            "webhook_receiver": []
          },
          "sensitive_attributes": [],
          "private": "eyJlMmJmYjczMC1lY2FhLTExZTYtOGY4OC0zNDM2M2JjN2M0YzAiOnsiY3JlYXRlIjoxODAwMDAwMDAwMDAwLCJkZWxldGUiOjE4MDAwMDAwMDAwMDAsInJlYWQiOjMwMDAwMDAwMDAwMCwidXBkYXRlIjoxODAwMDAwMDAwMDAwfSwic2NoZW1hX3ZlcnNpb24iOiIxIn0=",
          "dependencies": [
            "module.resource_group.azurerm_resource_group.this"
          ]
        }
      ]
    },
    {
      "module": "module.network",
      "mode": "managed",
      "type": "azurerm_subnet",
      "name": "this",
      "provider": "module.network.provider[\"registry.terraform.io/hashicorp/azurerm\"]",
      "instances": [
        {
          "index_key": "data-storage",
          "schema_version": 0,
          "attributes": {
            "address_prefix": "30.0.0.0/23",
            "address_prefixes": [
              "30.0.0.0/23"
            ],
            "delegation": [],
            "enforce_private_link_endpoint_network_policies": true,
            "enforce_private_link_service_network_policies": false,
            "id": "/subscriptions/fe6c1298-1263-477b-b9b5-3f2295ef0c6c/resourceGroups/voyager_unit-test-storageacount_infra-test_rg_centralus/providers/Microsoft.Network/virtualNetworks/voyager_test_infra-test_vnet_centralus/subnets/data-storage",
            "name": "data-storage",
            "resource_group_name": "voyager_unit-test-storageacount_infra-test_rg_centralus",
            "service_endpoint_policy_ids": null,
            "service_endpoints": null,
            "timeouts": null,
            "virtual_network_name": "voyager_test_infra-test_vnet_centralus"
          },
          "sensitive_attributes": [],
          "private": "eyJlMmJmYjczMC1lY2FhLTExZTYtOGY4OC0zNDM2M2JjN2M0YzAiOnsiY3JlYXRlIjoxODAwMDAwMDAwMDAwLCJkZWxldGUiOjE4MDAwMDAwMDAwMDAsInJlYWQiOjMwMDAwMDAwMDAwMCwidXBkYXRlIjoxODAwMDAwMDAwMDAwfX0=",
          "dependencies": [
            "module.network.azurerm_virtual_network.this",
            "module.resource_group.azurerm_resource_group.this"
          ]
        },
        {
          "index_key": "test-subnet",
          "schema_version": 0,
          "attributes": {
            "address_prefix": "30.0.2.0/24",
            "address_prefixes": [
              "30.0.2.0/24"
            ],
            "delegation": [],
            "enforce_private_link_endpoint_network_policies": false,
            "enforce_private_link_service_network_policies": false,
            "id": "/subscriptions/fe6c1298-1263-477b-b9b5-3f2295ef0c6c/resourceGroups/voyager_unit-test-storageacount_infra-test_rg_centralus/providers/Microsoft.Network/virtualNetworks/voyager_test_infra-test_vnet_centralus/subnets/test-subnet",
            "name": "test-subnet",
            "resource_group_name": "voyager_unit-test-storageacount_infra-test_rg_centralus",
            "service_endpoint_policy_ids": null,
            "service_endpoints": [
              "Microsoft.Storage"
            ],
            "timeouts": null,
            "virtual_network_name": "voyager_test_infra-test_vnet_centralus"
          },
          "sensitive_attributes": [],
          "private": "eyJlMmJmYjczMC1lY2FhLTExZTYtOGY4OC0zNDM2M2JjN2M0YzAiOnsiY3JlYXRlIjoxODAwMDAwMDAwMDAwLCJkZWxldGUiOjE4MDAwMDAwMDAwMDAsInJlYWQiOjMwMDAwMDAwMDAwMCwidXBkYXRlIjoxODAwMDAwMDAwMDAwfX0=",
          "dependencies": [
            "module.network.azurerm_virtual_network.this",
            "module.resource_group.azurerm_resource_group.this"
          ]
        }
      ]
    },
    {
      "module": "module.network",
      "mode": "managed",
      "type": "azurerm_virtual_network",
      "name": "this",
      "provider": "module.network.provider[\"registry.terraform.io/hashicorp/azurerm\"]",
      "instances": [
        {
          "schema_version": 0,
          "attributes": {
            "address_space": [
              "30.0.0.0/21"
            ],
            "bgp_community": "",
            "ddos_protection_plan": [],
            "dns_servers": [],
            "flow_timeout_in_minutes": 0,
            "guid": "8fc4459f-f4b8-44bb-8850-742ea9983859",
            "id": "/subscriptions/fe6c1298-1263-477b-b9b5-3f2295ef0c6c/resourceGroups/voyager_unit-test-storageacount_infra-test_rg_centralus/providers/Microsoft.Network/virtualNetworks/voyager_test_infra-test_vnet_centralus",
            "location": "centralus",
            "name": "voyager_test_infra-test_vnet_centralus",
            "resource_group_name": "voyager_unit-test-storageacount_infra-test_rg_centralus",
            "subnet": [],
            "tags": {
              "application": "voyager",
              "creator": "unknown",
              "environment": "infra-test",
              "owner": "unknown",
              "role": "unit-test",
              "vendor": "unknown"
            },
            "timeouts": null,
            "vm_protection_enabled": false
          },
          "sensitive_attributes": [],
          "private": "eyJlMmJmYjczMC1lY2FhLTExZTYtOGY4OC0zNDM2M2JjN2M0YzAiOnsiY3JlYXRlIjoxODAwMDAwMDAwMDAwLCJkZWxldGUiOjE4MDAwMDAwMDAwMDAsInJlYWQiOjMwMDAwMDAwMDAwMCwidXBkYXRlIjoxODAwMDAwMDAwMDAwfX0=",
          "dependencies": [
            "module.resource_group.azurerm_resource_group.this"
          ]
        }
      ]
    },
    {
      "module": "module.resource_group",
      "mode": "managed",
      "type": "azurerm_resource_group",
      "name": "this",
      "provider": "module.resource_group.provider[\"registry.terraform.io/hashicorp/azurerm\"]",
      "instances": [
        {
          "schema_version": 0,
          "attributes": {
            "id": "/subscriptions/fe6c1298-1263-477b-b9b5-3f2295ef0c6c/resourceGroups/voyager_unit-test-storageacount_infra-test_rg_centralus",
            "location": "centralus",
            "name": "voyager_unit-test-storageacount_infra-test_rg_centralus",
            "tags": {
              "application": "voyager",
              "creator": "systemsengineering@vca.com",
              "environment": "infra-test",
              "owner": "systemsengineering@vca.com",
              "role": "unit-test",
              "vendor": "Globallogic"
            },
            "timeouts": null
          },
          "sensitive_attributes": [],
          "private": "eyJlMmJmYjczMC1lY2FhLTExZTYtOGY4OC0zNDM2M2JjN2M0YzAiOnsiY3JlYXRlIjo1NDAwMDAwMDAwMDAwLCJkZWxldGUiOjU0MDAwMDAwMDAwMDAsInJlYWQiOjMwMDAwMDAwMDAwMCwidXBkYXRlIjo1NDAwMDAwMDAwMDAwfX0="
        }
      ]
    },
    {
      "module": "module.storage",
      "mode": "managed",
      "type": "azurerm_monitor_activity_log_alert",
      "name": "main",
      "provider": "module.storage.provider[\"registry.terraform.io/hashicorp/azurerm\"]",
      "instances": [
        {
          "index_key": "Account-CreateorUpdate",
          "schema_version": 1,
          "attributes": {
            "action": [],
            "criteria": [
              {
                "caller": "",
                "category": "Recommendation",
                "level": "",
                "operation_name": "Microsoft.Storage/storageAccounts/write",
                "recommendation_category": "",
                "recommendation_impact": "",
                "recommendation_type": "",
                "resource_group": "",
                "resource_health": [],
                "resource_id": "/subscriptions/fe6c1298-1263-477b-b9b5-3f2295ef0c6c/resourceGroups/voyager_unit-test-storageacount_infra-test_rg_centralus/providers/Microsoft.Storage/storageAccounts/vcatest1testinfrastg",
                "resource_provider": "",
                "resource_type": "",
                "service_health": [],
                "status": "",
                "sub_status": ""
              }
            ],
            "description": "Action will be triggeredthe total transactions is greater or less than dynamic thresholds",
            "enabled": true,
            "id": "/subscriptions/fe6c1298-1263-477b-b9b5-3f2295ef0c6c/resourceGroups/voyager_unit-test-storageacount_infra-test_rg_centralus/providers/Microsoft.Insights/activityLogAlerts/testinfra-Account-CreateorUpdate",
            "name": "testinfra-Account-CreateorUpdate",
            "resource_group_name": "voyager_unit-test-storageacount_infra-test_rg_centralus",
            "scopes": [
              "/subscriptions/fe6c1298-1263-477b-b9b5-3f2295ef0c6c/resourceGroups/voyager_unit-test-storageacount_infra-test_rg_centralus/providers/Microsoft.Storage/storageAccounts/vcatest1testinfrastg"
            ],
            "tags": null,
            "timeouts": null
          },
          "sensitive_attributes": [],
          "private": "eyJlMmJmYjczMC1lY2FhLTExZTYtOGY4OC0zNDM2M2JjN2M0YzAiOnsiY3JlYXRlIjoxODAwMDAwMDAwMDAwLCJkZWxldGUiOjE4MDAwMDAwMDAwMDAsInJlYWQiOjMwMDAwMDAwMDAwMCwidXBkYXRlIjoxODAwMDAwMDAwMDAwfSwic2NoZW1hX3ZlcnNpb24iOiIxIn0=",
          "dependencies": [
            "module.actiongroup.azurerm_monitor_action_group.this",
            "module.resource_group.azurerm_resource_group.this",
            "module.storage.azurerm_storage_account.this"
          ]
        },
        {
          "index_key": "Account-Delete",
          "schema_version": 1,
          "attributes": {
            "action": [],
            "criteria": [
              {
                "caller": "",
                "category": "Recommendation",
                "level": "",
                "operation_name": "Microsoft.Storage/storageAccounts/delete",
                "recommendation_category": "",
                "recommendation_impact": "",
                "recommendation_type": "",
                "resource_group": "",
                "resource_health": [],
                "resource_id": "/subscriptions/fe6c1298-1263-477b-b9b5-3f2295ef0c6c/resourceGroups/voyager_unit-test-storageacount_infra-test_rg_centralus/providers/Microsoft.Storage/storageAccounts/vcatest1testinfrastg",
                "resource_provider": "",
                "resource_type": "",
                "service_health": [],
                "status": "",
                "sub_status": ""
              }
            ],
            "description": "Action will be triggeredthe total transactions is greater or less than dynamic thresholds",
            "enabled": true,
            "id": "/subscriptions/fe6c1298-1263-477b-b9b5-3f2295ef0c6c/resourceGroups/voyager_unit-test-storageacount_infra-test_rg_centralus/providers/Microsoft.Insights/activityLogAlerts/testinfra-Account-Delete",
            "name": "testinfra-Account-Delete",
            "resource_group_name": "voyager_unit-test-storageacount_infra-test_rg_centralus",
            "scopes": [
              "/subscriptions/fe6c1298-1263-477b-b9b5-3f2295ef0c6c/resourceGroups/voyager_unit-test-storageacount_infra-test_rg_centralus/providers/Microsoft.Storage/storageAccounts/vcatest1testinfrastg"
            ],
            "tags": null,
            "timeouts": null
          },
          "sensitive_attributes": [],
          "private": "eyJlMmJmYjczMC1lY2FhLTExZTYtOGY4OC0zNDM2M2JjN2M0YzAiOnsiY3JlYXRlIjoxODAwMDAwMDAwMDAwLCJkZWxldGUiOjE4MDAwMDAwMDAwMDAsInJlYWQiOjMwMDAwMDAwMDAwMCwidXBkYXRlIjoxODAwMDAwMDAwMDAwfSwic2NoZW1hX3ZlcnNpb24iOiIxIn0=",
          "dependencies": [
            "module.actiongroup.azurerm_monitor_action_group.this",
            "module.resource_group.azurerm_resource_group.this",
            "module.storage.azurerm_storage_account.this"
          ]
        }
      ]
    },
    {
      "module": "module.storage",
      "mode": "managed",
      "type": "azurerm_monitor_metric_alert",
      "name": "this",
      "provider": "module.storage.provider[\"registry.terraform.io/hashicorp/azurerm\"]",
      "instances": [
        {
          "index_key": "Account-Availability",
          "schema_version": 1,
          "attributes": {
            "action": [],
            "application_insights_web_test_location_availability_criteria": [],
            "auto_mitigate": true,
            "criteria": [
              {
                "aggregation": "Average",
                "dimension": [],
                "metric_name": "Availability",
                "metric_namespace": "Microsoft.Storage/storageAccounts",
                "operator": "LessThan",
                "skip_metric_validation": false,
                "threshold": 100
              }
            ],
            "description": "Action will be triggered Whenever the average availability is less than threshold",
            "dynamic_criteria": [],
            "enabled": false,
            "frequency": "PT1M",
            "id": "/subscriptions/fe6c1298-1263-477b-b9b5-3f2295ef0c6c/resourceGroups/voyager_unit-test-storageacount_infra-test_rg_centralus/providers/Microsoft.Insights/metricAlerts/testinfra-Account-Availability",
            "name": "testinfra-Account-Availability",
            "resource_group_name": "voyager_unit-test-storageacount_infra-test_rg_centralus",
            "scopes": [
              "/subscriptions/fe6c1298-1263-477b-b9b5-3f2295ef0c6c/resourceGroups/voyager_unit-test-storageacount_infra-test_rg_centralus/providers/Microsoft.Storage/storageAccounts/vcatest1testinfrastg"
            ],
            "severity": 3,
            "tags": null,
            "target_resource_location": "",
            "target_resource_type": "",
            "timeouts": null,
            "window_size": "PT5M"
          },
          "sensitive_attributes": [],
          "private": "eyJlMmJmYjczMC1lY2FhLTExZTYtOGY4OC0zNDM2M2JjN2M0YzAiOnsiY3JlYXRlIjoxODAwMDAwMDAwMDAwLCJkZWxldGUiOjE4MDAwMDAwMDAwMDAsInJlYWQiOjMwMDAwMDAwMDAwMCwidXBkYXRlIjoxODAwMDAwMDAwMDAwfSwic2NoZW1hX3ZlcnNpb24iOiIxIn0=",
          "dependencies": [
            "module.actiongroup.azurerm_monitor_action_group.this",
            "module.resource_group.azurerm_resource_group.this",
            "module.storage.azurerm_storage_account.this"
          ]
        },
        {
          "index_key": "Account-SuccessE2ELatency",
          "schema_version": 1,
          "attributes": {
            "action": [],
            "application_insights_web_test_location_availability_criteria": [],
            "auto_mitigate": true,
            "criteria": [
              {
                "aggregation": "Average",
                "dimension": [],
                "metric_name": "SuccessE2ELatency",
                "metric_namespace": "Microsoft.Storage/storageAccounts",
                "operator": "GreaterThan",
                "skip_metric_validation": false,
                "threshold": 100
              }
            ],
            "description": "Action will be triggered Whenever the average success e2e latency is greater than threshold",
            "dynamic_criteria": [],
            "enabled": false,
            "frequency": "PT1M",
            "id": "/subscriptions/fe6c1298-1263-477b-b9b5-3f2295ef0c6c/resourceGroups/voyager_unit-test-storageacount_infra-test_rg_centralus/providers/Microsoft.Insights/metricAlerts/testinfra-Account-SuccessE2ELatency",
            "name": "testinfra-Account-SuccessE2ELatency",
            "resource_group_name": "voyager_unit-test-storageacount_infra-test_rg_centralus",
            "scopes": [
              "/subscriptions/fe6c1298-1263-477b-b9b5-3f2295ef0c6c/resourceGroups/voyager_unit-test-storageacount_infra-test_rg_centralus/providers/Microsoft.Storage/storageAccounts/vcatest1testinfrastg"
            ],
            "severity": 3,
            "tags": null,
            "target_resource_location": "",
            "target_resource_type": "",
            "timeouts": null,
            "window_size": "PT5M"
          },
          "sensitive_attributes": [],
          "private": "eyJlMmJmYjczMC1lY2FhLTExZTYtOGY4OC0zNDM2M2JjN2M0YzAiOnsiY3JlYXRlIjoxODAwMDAwMDAwMDAwLCJkZWxldGUiOjE4MDAwMDAwMDAwMDAsInJlYWQiOjMwMDAwMDAwMDAwMCwidXBkYXRlIjoxODAwMDAwMDAwMDAwfSwic2NoZW1hX3ZlcnNpb24iOiIxIn0=",
          "dependencies": [
            "module.actiongroup.azurerm_monitor_action_group.this",
            "module.resource_group.azurerm_resource_group.this",
            "module.storage.azurerm_storage_account.this"
          ]
        },
        {
          "index_key": "Account-Transactions",
          "schema_version": 1,
          "attributes": {
            "action": [],
            "application_insights_web_test_location_availability_criteria": [],
            "auto_mitigate": true,
            "criteria": [
              {
                "aggregation": "Total",
                "dimension": [],
                "metric_name": "Transactions",
                "metric_namespace": "Microsoft.Storage/storageAccounts",
                "operator": "GreaterThan",
                "skip_metric_validation": false,
                "threshold": 100000
              }
            ],
            "description": "Action will be triggeredthe total transactions is greater or less than dynamic thresholds",
            "dynamic_criteria": [],
            "enabled": false,
            "frequency": "PT1M",
            "id": "/subscriptions/fe6c1298-1263-477b-b9b5-3f2295ef0c6c/resourceGroups/voyager_unit-test-storageacount_infra-test_rg_centralus/providers/Microsoft.Insights/metricAlerts/testinfra-Account-Transactions",
            "name": "testinfra-Account-Transactions",
            "resource_group_name": "voyager_unit-test-storageacount_infra-test_rg_centralus",
            "scopes": [
              "/subscriptions/fe6c1298-1263-477b-b9b5-3f2295ef0c6c/resourceGroups/voyager_unit-test-storageacount_infra-test_rg_centralus/providers/Microsoft.Storage/storageAccounts/vcatest1testinfrastg"
            ],
            "severity": 3,
            "tags": null,
            "target_resource_location": "",
            "target_resource_type": "",
            "timeouts": null,
            "window_size": "PT5M"
          },
          "sensitive_attributes": [],
          "private": "eyJlMmJmYjczMC1lY2FhLTExZTYtOGY4OC0zNDM2M2JjN2M0YzAiOnsiY3JlYXRlIjoxODAwMDAwMDAwMDAwLCJkZWxldGUiOjE4MDAwMDAwMDAwMDAsInJlYWQiOjMwMDAwMDAwMDAwMCwidXBkYXRlIjoxODAwMDAwMDAwMDAwfSwic2NoZW1hX3ZlcnNpb24iOiIxIn0=",
          "dependencies": [
            "module.actiongroup.azurerm_monitor_action_group.this",
            "module.resource_group.azurerm_resource_group.this",
            "module.storage.azurerm_storage_account.this"
          ]
        }
      ]
    },
    {
      "module": "module.storage",
      "mode": "managed",
      "type": "azurerm_storage_account",
      "name": "this",
      "provider": "module.storage.provider[\"registry.terraform.io/hashicorp/azurerm\"]",
      "instances": [
        {
          "schema_version": 2,
          "attributes": {
            "access_tier": "",
            "account_kind": "Storage",
            "account_replication_type": "LRS",
            "account_tier": "Standard",
            "allow_blob_public_access": false,
            "azure_files_authentication": [],
            "blob_properties": [
              {
                "change_feed_enabled": false,
                "container_delete_retention_policy": [],
                "cors_rule": [],
                "default_service_version": "",
                "delete_retention_policy": [],
                "last_access_time_enabled": false,
                "versioning_enabled": false
              }
            ],
            "custom_domain": [],
            "customer_managed_key": [],
            "enable_https_traffic_only": true,
            "id": "/subscriptions/fe6c1298-1263-477b-b9b5-3f2295ef0c6c/resourceGroups/voyager_unit-test-storageacount_infra-test_rg_centralus/providers/Microsoft.Storage/storageAccounts/vcatest1testinfrastg",
            "identity": [],
            "infrastructure_encryption_enabled": false,
            "is_hns_enabled": false,
            "large_file_share_enabled": null,
            "location": "centralus",
            "min_tls_version": "TLS1_0",
            "name": "vcatest1testinfrastg",
            "network_rules": [
              {
                "bypass": [
                  "AzureServices"
                ],
                "default_action": "Allow",
                "ip_rules": [],
                "private_link_access": [],
                "virtual_network_subnet_ids": []
              }
            ],
            "nfsv3_enabled": false,
            "primary_access_key": "LaVHydcUtCG2ZssGBEdX87QJ8F9n9axxwRDyKVb1GuJggig6WQAWReeTrq4L0goHkQUVFyFnblJ6+ASt8FRkxA==",
            "primary_blob_connection_string": "DefaultEndpointsProtocol=https;BlobEndpoint=https://vcatest1testinfrastg.blob.core.windows.net/;AccountName=vcatest1testinfrastg;AccountKey=LaVHydcUtCG2ZssGBEdX87QJ8F9n9axxwRDyKVb1GuJggig6WQAWReeTrq4L0goHkQUVFyFnblJ6+ASt8FRkxA==",
            "primary_blob_endpoint": "https://vcatest1testinfrastg.blob.core.windows.net/",
            "primary_blob_host": "vcatest1testinfrastg.blob.core.windows.net",
            "primary_connection_string": "DefaultEndpointsProtocol=https;AccountName=vcatest1testinfrastg;AccountKey=LaVHydcUtCG2ZssGBEdX87QJ8F9n9axxwRDyKVb1GuJggig6WQAWReeTrq4L0goHkQUVFyFnblJ6+ASt8FRkxA==;EndpointSuffix=core.windows.net",
            "primary_dfs_endpoint": "",
            "primary_dfs_host": "",
            "primary_file_endpoint": "https://vcatest1testinfrastg.file.core.windows.net/",
            "primary_file_host": "vcatest1testinfrastg.file.core.windows.net",
            "primary_location": "centralus",
            "primary_queue_endpoint": "https://vcatest1testinfrastg.queue.core.windows.net/",
            "primary_queue_host": "vcatest1testinfrastg.queue.core.windows.net",
            "primary_table_endpoint": "https://vcatest1testinfrastg.table.core.windows.net/",
            "primary_table_host": "vcatest1testinfrastg.table.core.windows.net",
            "primary_web_endpoint": "",
            "primary_web_host": "",
            "queue_encryption_key_type": "Service",
            "queue_properties": [
              {
                "cors_rule": [],
                "hour_metrics": [
                  {
                    "enabled": true,
                    "include_apis": true,
                    "retention_policy_days": 7,
                    "version": "1.0"
                  }
                ],
                "logging": [
                  {
                    "delete": false,
                    "read": false,
                    "retention_policy_days": 0,
                    "version": "1.0",
                    "write": false
                  }
                ],
                "minute_metrics": [
                  {
                    "enabled": false,
                    "include_apis": false,
                    "retention_policy_days": 0,
                    "version": "1.0"
                  }
                ]
              }
            ],
            "resource_group_name": "voyager_unit-test-storageacount_infra-test_rg_centralus",
            "routing": [],
            "secondary_access_key": "DqC9GTXdyNT+MJ7fQWCDe0T4y2UGND+zfi4ZzWKmvfsrXOCAHVDpMu3qSwiSgkvKDjgJXQDi/v4x+ASt97oNaA==",
            "secondary_blob_connection_string": "",
            "secondary_blob_endpoint": null,
            "secondary_blob_host": null,
            "secondary_connection_string": "DefaultEndpointsProtocol=https;AccountName=vcatest1testinfrastg;AccountKey=DqC9GTXdyNT+MJ7fQWCDe0T4y2UGND+zfi4ZzWKmvfsrXOCAHVDpMu3qSwiSgkvKDjgJXQDi/v4x+ASt97oNaA==;EndpointSuffix=core.windows.net",
            "secondary_dfs_endpoint": null,
            "secondary_dfs_host": null,
            "secondary_file_endpoint": null,
            "secondary_file_host": null,
            "secondary_location": "",
            "secondary_queue_endpoint": null,
            "secondary_queue_host": null,
            "secondary_table_endpoint": null,
            "secondary_table_host": null,
            "secondary_web_endpoint": null,
            "secondary_web_host": null,
            "share_properties": [
              {
                "cors_rule": [],
                "retention_policy": [
                  {
                    "days": 7
                  }
                ],
                "smb": []
              }
            ],
            "shared_access_key_enabled": true,
            "static_website": [],
            "table_encryption_key_type": "Service",
            "tags": {
              "application": "vca",
              "creator": "systemsengineering@vca.com",
              "environment": "testinfra",
              "owner": "systemsengineering@vca.com",
              "role": "unit-test",
              "vendor": "Globallogic"
            },
            "timeouts": null
          },
          "sensitive_attributes": [],
          "private": "eyJlMmJmYjczMC1lY2FhLTExZTYtOGY4OC0zNDM2M2JjN2M0YzAiOnsiY3JlYXRlIjozNjAwMDAwMDAwMDAwLCJkZWxldGUiOjM2MDAwMDAwMDAwMDAsInJlYWQiOjMwMDAwMDAwMDAwMCwidXBkYXRlIjozNjAwMDAwMDAwMDAwfSwic2NoZW1hX3ZlcnNpb24iOiIyIn0=",
          "dependencies": [
            "module.resource_group.azurerm_resource_group.this"
          ]
        }
      ]
    }
  ],
  "check_results": null
}
